// !$*UTF8*$!
{
	archiveVersion = 1;
	classes = {
	};
	objectVersion = 56;
	objects = {

/* Begin PBXBuildFile section */
		543CC7C32927C011006344F7 /* PoliticsAppApp.swift in Sources */ = {isa = PBXBuildFile; fileRef = 543CC7C22927C011006344F7 /* PoliticsAppApp.swift */; };
		543CC7C72927C011006344F7 /* Assets.xcassets in Resources */ = {isa = PBXBuildFile; fileRef = 543CC7C62927C011006344F7 /* Assets.xcassets */; };
		543CC7CA2927C011006344F7 /* Preview Assets.xcassets in Resources */ = {isa = PBXBuildFile; fileRef = 543CC7C92927C011006344F7 /* Preview Assets.xcassets */; };
		543CC7D12927C3A7006344F7 /* NewsView.swift in Sources */ = {isa = PBXBuildFile; fileRef = 543CC7D02927C3A7006344F7 /* NewsView.swift */; };
		543CC7D42927C3B7006344F7 /* News.swift in Sources */ = {isa = PBXBuildFile; fileRef = 543CC7D32927C3B7006344F7 /* News.swift */; };
		543CC7D62927C5AC006344F7 /* NewsListView.swift in Sources */ = {isa = PBXBuildFile; fileRef = 543CC7D52927C5AC006344F7 /* NewsListView.swift */; };
		543CC7D82927C7D9006344F7 /* NewsRowView.swift in Sources */ = {isa = PBXBuildFile; fileRef = 543CC7D72927C7D9006344F7 /* NewsRowView.swift */; };
		543CC7DC2927CD51006344F7 /* Colors + Ext.swift in Sources */ = {isa = PBXBuildFile; fileRef = 543CC7DB2927CD51006344F7 /* Colors + Ext.swift */; };
		543CC7DE2927CDF5006344F7 /* NewsDetailView.swift in Sources */ = {isa = PBXBuildFile; fileRef = 543CC7DD2927CDF5006344F7 /* NewsDetailView.swift */; };
		5475BE32292F04100009EB0D /* replace1.swift in Sources */ = {isa = PBXBuildFile; fileRef = 5475BE31292F04100009EB0D /* replace1.swift */; };
		5475BE36292F0E070009EB0D /* ContentView.swift in Sources */ = {isa = PBXBuildFile; fileRef = 5475BE35292F0E070009EB0D /* ContentView.swift */; };
		9F13B8DB292AF96300B5B01A /* YourAreaView.swift in Sources */ = {isa = PBXBuildFile; fileRef = 9F13B8DA292AF96300B5B01A /* YourAreaView.swift */; };
		9F6947E7292DF2D900CD190B /* PoliticianRowView.swift in Sources */ = {isa = PBXBuildFile; fileRef = 9F6947E6292DF2D900CD190B /* PoliticianRowView.swift */; };
/* End PBXBuildFile section */

/* Begin PBXFileReference section */
		543CC7BF2927C011006344F7 /* PoliticsApp.app */ = {isa = PBXFileReference; explicitFileType = wrapper.application; includeInIndex = 0; path = PoliticsApp.app; sourceTree = BUILT_PRODUCTS_DIR; };
		543CC7C22927C011006344F7 /* PoliticsAppApp.swift */ = {isa = PBXFileReference; lastKnownFileType = sourcecode.swift; path = PoliticsAppApp.swift; sourceTree = "<group>"; };
		543CC7C62927C011006344F7 /* Assets.xcassets */ = {isa = PBXFileReference; lastKnownFileType = folder.assetcatalog; path = Assets.xcassets; sourceTree = "<group>"; };
		543CC7C92927C011006344F7 /* Preview Assets.xcassets */ = {isa = PBXFileReference; lastKnownFileType = folder.assetcatalog; path = "Preview Assets.xcassets"; sourceTree = "<group>"; };
		543CC7D02927C3A7006344F7 /* NewsView.swift */ = {isa = PBXFileReference; lastKnownFileType = sourcecode.swift; path = NewsView.swift; sourceTree = "<group>"; };
		543CC7D32927C3B7006344F7 /* News.swift */ = {isa = PBXFileReference; lastKnownFileType = sourcecode.swift; path = News.swift; sourceTree = "<group>"; };
		543CC7D52927C5AC006344F7 /* NewsListView.swift */ = {isa = PBXFileReference; lastKnownFileType = sourcecode.swift; path = NewsListView.swift; sourceTree = "<group>"; };
		543CC7D72927C7D9006344F7 /* NewsRowView.swift */ = {isa = PBXFileReference; lastKnownFileType = sourcecode.swift; path = NewsRowView.swift; sourceTree = "<group>"; };
		543CC7DB2927CD51006344F7 /* Colors + Ext.swift */ = {isa = PBXFileReference; lastKnownFileType = sourcecode.swift; path = "Colors + Ext.swift"; sourceTree = "<group>"; };
		543CC7DD2927CDF5006344F7 /* NewsDetailView.swift */ = {isa = PBXFileReference; lastKnownFileType = sourcecode.swift; path = NewsDetailView.swift; sourceTree = "<group>"; };
		5475BE31292F04100009EB0D /* replace1.swift */ = {isa = PBXFileReference; lastKnownFileType = sourcecode.swift; path = replace1.swift; sourceTree = "<group>"; };
		5475BE35292F0E070009EB0D /* ContentView.swift */ = {isa = PBXFileReference; lastKnownFileType = sourcecode.swift; path = ContentView.swift; sourceTree = "<group>"; };
		9F13B8DA292AF96300B5B01A /* YourAreaView.swift */ = {isa = PBXFileReference; lastKnownFileType = sourcecode.swift; path = YourAreaView.swift; sourceTree = "<group>"; };
		9F6947E6292DF2D900CD190B /* PoliticianRowView.swift */ = {isa = PBXFileReference; lastKnownFileType = sourcecode.swift; path = PoliticianRowView.swift; sourceTree = "<group>"; };
/* End PBXFileReference section */

/* Begin PBXFrameworksBuildPhase section */
		543CC7BC2927C011006344F7 /* Frameworks */ = {
			isa = PBXFrameworksBuildPhase;
			buildActionMask = 2147483647;
			files = (
			);
			runOnlyForDeploymentPostprocessing = 0;
		};
/* End PBXFrameworksBuildPhase section */

/* Begin PBXGroup section */
		543CC7B62927C011006344F7 = {
			isa = PBXGroup;
			children = (
				543CC7C12927C011006344F7 /* PoliticsApp */,
				543CC7C02927C011006344F7 /* Products */,
			);
			sourceTree = "<group>";
		};
		543CC7C02927C011006344F7 /* Products */ = {
			isa = PBXGroup;
			children = (
				543CC7BF2927C011006344F7 /* PoliticsApp.app */,
			);
			name = Products;
			sourceTree = "<group>";
		};
		543CC7C12927C011006344F7 /* PoliticsApp */ = {
			isa = PBXGroup;
			children = (
				9F13B8D9292AF62A00B5B01A /* YourArea */,
				543CC7DA2927CD46006344F7 /* Utilities */,
				543CC7D22927C3AF006344F7 /* News */,
				543CC7C22927C011006344F7 /* PoliticsAppApp.swift */,
				5475BE35292F0E070009EB0D /* ContentView.swift */,
				5475BE31292F04100009EB0D /* replace1.swift */,
				543CC7C62927C011006344F7 /* Assets.xcassets */,
				543CC7C82927C011006344F7 /* Preview Content */,
			);
			path = PoliticsApp;
			sourceTree = "<group>";
		};
		543CC7C82927C011006344F7 /* Preview Content */ = {
			isa = PBXGroup;
			children = (
				543CC7C92927C011006344F7 /* Preview Assets.xcassets */,
			);
			path = "Preview Content";
			sourceTree = "<group>";
		};
		543CC7D22927C3AF006344F7 /* News */ = {
			isa = PBXGroup;
			children = (
				543CC7D32927C3B7006344F7 /* News.swift */,
				543CC7D02927C3A7006344F7 /* NewsView.swift */,
				543CC7D52927C5AC006344F7 /* NewsListView.swift */,
				543CC7D72927C7D9006344F7 /* NewsRowView.swift */,
				543CC7DD2927CDF5006344F7 /* NewsDetailView.swift */,
			);
			path = News;
			sourceTree = "<group>";
		};
		543CC7DA2927CD46006344F7 /* Utilities */ = {
			isa = PBXGroup;
			children = (
				543CC7DB2927CD51006344F7 /* Colors + Ext.swift */,
			);
			path = Utilities;
			sourceTree = "<group>";
		};
		9F13B8D9292AF62A00B5B01A /* YourArea */ = {
			isa = PBXGroup;
			children = (
				9F13B8DA292AF96300B5B01A /* YourAreaView.swift */,
				9F6947E6292DF2D900CD190B /* PoliticianRowView.swift */,
			);
			path = YourArea;
			sourceTree = "<group>";
		};
/* End PBXGroup section */

/* Begin PBXNativeTarget section */
		543CC7BE2927C011006344F7 /* PoliticsApp */ = {
			isa = PBXNativeTarget;
			buildConfigurationList = 543CC7CD2927C011006344F7 /* Build configuration list for PBXNativeTarget "PoliticsApp" */;
			buildPhases = (
				543CC7BB2927C011006344F7 /* Sources */,
				543CC7BC2927C011006344F7 /* Frameworks */,
				543CC7BD2927C011006344F7 /* Resources */,
			);
			buildRules = (
			);
			dependencies = (
			);
			name = PoliticsApp;
			productName = PoliticsApp;
			productReference = 543CC7BF2927C011006344F7 /* PoliticsApp.app */;
			productType = "com.apple.product-type.application";
		};
/* End PBXNativeTarget section */

/* Begin PBXProject section */
		543CC7B72927C011006344F7 /* Project object */ = {
			isa = PBXProject;
			attributes = {
				BuildIndependentTargetsInParallel = 1;
				LastSwiftUpdateCheck = 1400;
				LastUpgradeCheck = 1400;
				TargetAttributes = {
					543CC7BE2927C011006344F7 = {
						CreatedOnToolsVersion = 14.0;
					};
				};
			};
			buildConfigurationList = 543CC7BA2927C011006344F7 /* Build configuration list for PBXProject "PoliticsApp" */;
			compatibilityVersion = "Xcode 14.0";
			developmentRegion = en;
			hasScannedForEncodings = 0;
			knownRegions = (
				en,
				Base,
			);
			mainGroup = 543CC7B62927C011006344F7;
			productRefGroup = 543CC7C02927C011006344F7 /* Products */;
			projectDirPath = "";
			projectRoot = "";
			targets = (
				543CC7BE2927C011006344F7 /* PoliticsApp */,
			);
		};
/* End PBXProject section */

/* Begin PBXResourcesBuildPhase section */
		543CC7BD2927C011006344F7 /* Resources */ = {
			isa = PBXResourcesBuildPhase;
			buildActionMask = 2147483647;
			files = (
				543CC7CA2927C011006344F7 /* Preview Assets.xcassets in Resources */,
				543CC7C72927C011006344F7 /* Assets.xcassets in Resources */,
			);
			runOnlyForDeploymentPostprocessing = 0;
		};
/* End PBXResourcesBuildPhase section */

/* Begin PBXSourcesBuildPhase section */
		543CC7BB2927C011006344F7 /* Sources */ = {
			isa = PBXSourcesBuildPhase;
			buildActionMask = 2147483647;
			files = (
				543CC7D12927C3A7006344F7 /* NewsView.swift in Sources */,
				5475BE36292F0E070009EB0D /* ContentView.swift in Sources */,
				543CC7DE2927CDF5006344F7 /* NewsDetailView.swift in Sources */,
				543CC7DC2927CD51006344F7 /* Colors + Ext.swift in Sources */,
				543CC7D82927C7D9006344F7 /* NewsRowView.swift in Sources */,
				543CC7D62927C5AC006344F7 /* NewsListView.swift in Sources */,
				543CC7D42927C3B7006344F7 /* News.swift in Sources */,
				9F6947E7292DF2D900CD190B /* PoliticianRowView.swift in Sources */,
				543CC7C32927C011006344F7 /* PoliticsAppApp.swift in Sources */,
				9F13B8DB292AF96300B5B01A /* YourAreaView.swift in Sources */,
				5475BE32292F04100009EB0D /* replace1.swift in Sources */,
			);
			runOnlyForDeploymentPostprocessing = 0;
		};
/* End PBXSourcesBuildPhase section */

/* Begin XCBuildConfiguration section */
		543CC7CB2927C011006344F7 /* Debug */ = {
			isa = XCBuildConfiguration;
			buildSettings = {
				ALWAYS_SEARCH_USER_PATHS = NO;
				CLANG_ANALYZER_NONNULL = YES;
				CLANG_ANALYZER_NUMBER_OBJECT_CONVERSION = YES_AGGRESSIVE;
				CLANG_CXX_LANGUAGE_STANDARD = "gnu++20";
				CLANG_ENABLE_MODULES = YES;
				CLANG_ENABLE_OBJC_ARC = YES;
				CLANG_ENABLE_OBJC_WEAK = YES;
				CLANG_WARN_BLOCK_CAPTURE_AUTORELEASING = YES;
				CLANG_WARN_BOOL_CONVERSION = YES;
				CLANG_WARN_COMMA = YES;
				CLANG_WARN_CONSTANT_CONVERSION = YES;
				CLANG_WARN_DEPRECATED_OBJC_IMPLEMENTATIONS = YES;
				CLANG_WARN_DIRECT_OBJC_ISA_USAGE = YES_ERROR;
				CLANG_WARN_DOCUMENTATION_COMMENTS = YES;
				CLANG_WARN_EMPTY_BODY = YES;
				CLANG_WARN_ENUM_CONVERSION = YES;
				CLANG_WARN_INFINITE_RECURSION = YES;
				CLANG_WARN_INT_CONVERSION = YES;
				CLANG_WARN_NON_LITERAL_NULL_CONVERSION = YES;
				CLANG_WARN_OBJC_IMPLICIT_RETAIN_SELF = YES;
				CLANG_WARN_OBJC_LITERAL_CONVERSION = YES;
				CLANG_WARN_OBJC_ROOT_CLASS = YES_ERROR;
				CLANG_WARN_QUOTED_INCLUDE_IN_FRAMEWORK_HEADER = YES;
				CLANG_WARN_RANGE_LOOP_ANALYSIS = YES;
				CLANG_WARN_STRICT_PROTOTYPES = YES;
				CLANG_WARN_SUSPICIOUS_MOVE = YES;
				CLANG_WARN_UNGUARDED_AVAILABILITY = YES_AGGRESSIVE;
				CLANG_WARN_UNREACHABLE_CODE = YES;
				CLANG_WARN__DUPLICATE_METHOD_MATCH = YES;
				COPY_PHASE_STRIP = NO;
				DEBUG_INFORMATION_FORMAT = dwarf;
				ENABLE_STRICT_OBJC_MSGSEND = YES;
				ENABLE_TESTABILITY = YES;
				GCC_C_LANGUAGE_STANDARD = gnu11;
				GCC_DYNAMIC_NO_PIC = NO;
				GCC_NO_COMMON_BLOCKS = YES;
				GCC_OPTIMIZATION_LEVEL = 0;
				GCC_PREPROCESSOR_DEFINITIONS = (
					"DEBUG=1",
					"$(inherited)",
				);
				GCC_WARN_64_TO_32_BIT_CONVERSION = YES;
				GCC_WARN_ABOUT_RETURN_TYPE = YES_ERROR;
				GCC_WARN_UNDECLARED_SELECTOR = YES;
				GCC_WARN_UNINITIALIZED_AUTOS = YES_AGGRESSIVE;
				GCC_WARN_UNUSED_FUNCTION = YES;
				GCC_WARN_UNUSED_VARIABLE = YES;
				IPHONEOS_DEPLOYMENT_TARGET = 16.0;
				MTL_ENABLE_DEBUG_INFO = INCLUDE_SOURCE;
				MTL_FAST_MATH = YES;
				ONLY_ACTIVE_ARCH = YES;
				SDKROOT = iphoneos;
				SWIFT_ACTIVE_COMPILATION_CONDITIONS = DEBUG;
				SWIFT_OPTIMIZATION_LEVEL = "-Onone";
			};
			name = Debug;
		};
		543CC7CC2927C011006344F7 /* Release */ = {
			isa = XCBuildConfiguration;
			buildSettings = {
				ALWAYS_SEARCH_USER_PATHS = NO;
				CLANG_ANALYZER_NONNULL = YES;
				CLANG_ANALYZER_NUMBER_OBJECT_CONVERSION = YES_AGGRESSIVE;
				CLANG_CXX_LANGUAGE_STANDARD = "gnu++20";
				CLANG_ENABLE_MODULES = YES;
				CLANG_ENABLE_OBJC_ARC = YES;
				CLANG_ENABLE_OBJC_WEAK = YES;
				CLANG_WARN_BLOCK_CAPTURE_AUTORELEASING = YES;
				CLANG_WARN_BOOL_CONVERSION = YES;
				CLANG_WARN_COMMA = YES;
				CLANG_WARN_CONSTANT_CONVERSION = YES;
				CLANG_WARN_DEPRECATED_OBJC_IMPLEMENTATIONS = YES;
				CLANG_WARN_DIRECT_OBJC_ISA_USAGE = YES_ERROR;
				CLANG_WARN_DOCUMENTATION_COMMENTS = YES;
				CLANG_WARN_EMPTY_BODY = YES;
				CLANG_WARN_ENUM_CONVERSION = YES;
				CLANG_WARN_INFINITE_RECURSION = YES;
				CLANG_WARN_INT_CONVERSION = YES;
				CLANG_WARN_NON_LITERAL_NULL_CONVERSION = YES;
				CLANG_WARN_OBJC_IMPLICIT_RETAIN_SELF = YES;
				CLANG_WARN_OBJC_LITERAL_CONVERSION = YES;
				CLANG_WARN_OBJC_ROOT_CLASS = YES_ERROR;
				CLANG_WARN_QUOTED_INCLUDE_IN_FRAMEWORK_HEADER = YES;
				CLANG_WARN_RANGE_LOOP_ANALYSIS = YES;
				CLANG_WARN_STRICT_PROTOTYPES = YES;
				CLANG_WARN_SUSPICIOUS_MOVE = YES;
				CLANG_WARN_UNGUARDED_AVAILABILITY = YES_AGGRESSIVE;
				CLANG_WARN_UNREACHABLE_CODE = YES;
				CLANG_WARN__DUPLICATE_METHOD_MATCH = YES;
				COPY_PHASE_STRIP = NO;
				DEBUG_INFORMATION_FORMAT = "dwarf-with-dsym";
				ENABLE_NS_ASSERTIONS = NO;
				ENABLE_STRICT_OBJC_MSGSEND = YES;
				GCC_C_LANGUAGE_STANDARD = gnu11;
				GCC_NO_COMMON_BLOCKS = YES;
				GCC_WARN_64_TO_32_BIT_CONVERSION = YES;
				GCC_WARN_ABOUT_RETURN_TYPE = YES_ERROR;
				GCC_WARN_UNDECLARED_SELECTOR = YES;
				GCC_WARN_UNINITIALIZED_AUTOS = YES_AGGRESSIVE;
				GCC_WARN_UNUSED_FUNCTION = YES;
				GCC_WARN_UNUSED_VARIABLE = YES;
				IPHONEOS_DEPLOYMENT_TARGET = 16.0;
				MTL_ENABLE_DEBUG_INFO = NO;
				MTL_FAST_MATH = YES;
				SDKROOT = iphoneos;
				SWIFT_COMPILATION_MODE = wholemodule;
				SWIFT_OPTIMIZATION_LEVEL = "-O";
				VALIDATE_PRODUCT = YES;
			};
			name = Release;
		};
		543CC7CE2927C011006344F7 /* Debug */ = {
			isa = XCBuildConfiguration;
			buildSettings = {
				ASSETCATALOG_COMPILER_APPICON_NAME = AppIcon;
				ASSETCATALOG_COMPILER_GLOBAL_ACCENT_COLOR_NAME = AccentColor;
				CODE_SIGN_STYLE = Automatic;
				CURRENT_PROJECT_VERSION = 1;
				DEVELOPMENT_ASSET_PATHS = "\"PoliticsApp/Preview Content\"";
				DEVELOPMENT_TEAM = Y72HF9FX59;
				ENABLE_PREVIEWS = YES;
				GENERATE_INFOPLIST_FILE = YES;
				INFOPLIST_KEY_UIApplicationSceneManifest_Generation = YES;
				INFOPLIST_KEY_UIApplicationSupportsIndirectInputEvents = YES;
				INFOPLIST_KEY_UILaunchScreen_Generation = YES;
				INFOPLIST_KEY_UISupportedInterfaceOrientations_iPad = "UIInterfaceOrientationPortrait UIInterfaceOrientationPortraitUpsideDown UIInterfaceOrientationLandscapeLeft UIInterfaceOrientationLandscapeRight";
				INFOPLIST_KEY_UISupportedInterfaceOrientations_iPhone = "UIInterfaceOrientationPortrait UIInterfaceOrientationLandscapeLeft UIInterfaceOrientationLandscapeRight";
				LD_RUNPATH_SEARCH_PATHS = (
					"$(inherited)",
					"@executable_path/Frameworks",
				);
				MARKETING_VERSION = 1.0;
				PRODUCT_BUNDLE_IDENTIFIER = com.ronaldjabouin.PoliticsApp;
				PRODUCT_NAME = "$(TARGET_NAME)";
				SWIFT_EMIT_LOC_STRINGS = YES;
				SWIFT_VERSION = 5.0;
				TARGETED_DEVICE_FAMILY = "1,2";
			};
			name = Debug;
		};
		543CC7CF2927C011006344F7 /* Release */ = {
			isa = XCBuildConfiguration;
			buildSettings = {
				ASSETCATALOG_COMPILER_APPICON_NAME = AppIcon;
				ASSETCATALOG_COMPILER_GLOBAL_ACCENT_COLOR_NAME = AccentColor;
				CODE_SIGN_STYLE = Automatic;
				CURRENT_PROJECT_VERSION = 1;
				DEVELOPMENT_ASSET_PATHS = "\"PoliticsApp/Preview Content\"";
				DEVELOPMENT_TEAM = Y72HF9FX59;
				ENABLE_PREVIEWS = YES;
				GENERATE_INFOPLIST_FILE = YES;
				INFOPLIST_KEY_UIApplicationSceneManifest_Generation = YES;
				INFOPLIST_KEY_UIApplicationSupportsIndirectInputEvents = YES;
				INFOPLIST_KEY_UILaunchScreen_Generation = YES;
				INFOPLIST_KEY_UISupportedInterfaceOrientations_iPad = "UIInterfaceOrientationPortrait UIInterfaceOrientationPortraitUpsideDown UIInterfaceOrientationLandscapeLeft UIInterfaceOrientationLandscapeRight";
				INFOPLIST_KEY_UISupportedInterfaceOrientations_iPhone = "UIInterfaceOrientationPortrait UIInterfaceOrientationLandscapeLeft UIInterfaceOrientationLandscapeRight";
				LD_RUNPATH_SEARCH_PATHS = (
					"$(inherited)",
					"@executable_path/Frameworks",
				);
				MARKETING_VERSION = 1.0;
				PRODUCT_BUNDLE_IDENTIFIER = com.ronaldjabouin.PoliticsApp;
				PRODUCT_NAME = "$(TARGET_NAME)";
				SWIFT_EMIT_LOC_STRINGS = YES;
				SWIFT_VERSION = 5.0;
				TARGETED_DEVICE_FAMILY = "1,2";
			};
			name = Release;
		};
/* End XCBuildConfiguration section */

/* Begin XCConfigurationList section */
		543CC7BA2927C011006344F7 /* Build configuration list for PBXProject "PoliticsApp" */ = {
			isa = XCConfigurationList;
			buildConfigurations = (
				543CC7CB2927C011006344F7 /* Debug */,
				543CC7CC2927C011006344F7 /* Release */,
			);
			defaultConfigurationIsVisible = 0;
			defaultConfigurationName = Release;
		};
		543CC7CD2927C011006344F7 /* Build configuration list for PBXNativeTarget "PoliticsApp" */ = {
			isa = XCConfigurationList;
			buildConfigurations = (
				543CC7CE2927C011006344F7 /* Debug */,
				543CC7CF2927C011006344F7 /* Release */,
			);
			defaultConfigurationIsVisible = 0;
			defaultConfigurationName = Release;
		};
/* End XCConfigurationList section */
	};
	rootObject = 543CC7B72927C011006344F7 /* Project object */;
}
